
Microsoft Visual Studio Solution File, Format Version 12.00
# Visual Studio Version 17
VisualStudioVersion = 17.10.35027.167
MinimumVisualStudioVersion = 10.0.40219.1
Project("{FAE04EC0-301F-11D3-BF4B-00C04F79EFBC}") = "Hangman", "Hangman.csproj", "{F1158B7C-EB83-4262-BC65-E8BC865C05FB}"
EndProject
Global
	GlobalSection(SolutionConfigurationPlatforms) = preSolution
		Debug|Any CPU = Debug|Any CPU
		Release|Any CPU = Release|Any CPU
	EndGlobalSection
	GlobalSection(ProjectConfigurationPlatforms) = postSolution
		{F1158B7C-EB83-4262-BC65-E8BC865C05FB}.Debug|Any CPU.ActiveCfg = Debug|Any CPU
		{F1158B7C-EB83-4262-BC65-E8BC865C05FB}.Debug|Any CPU.Build.0 = Debug|Any CPU
		{F1158B7C-EB83-4262-BC65-E8BC865C05FB}.Release|Any CPU.ActiveCfg = Release|Any CPU
		{F1158B7C-EB83-4262-BC65-E8BC865C05FB}.Release|Any CPU.Build.0 = Release|Any CPU
	EndGlobalSection
	GlobalSection(SolutionProperties) = preSolution
		HideSolutionNode = FALSE
	EndGlobalSection
	GlobalSection(ExtensibilityGlobals) = postSolution
		SolutionGuid = {F3D29C23-EBE4-49A6-AFE6-D83E7169C093}
	EndGlobalSection
EndGlobal
